// !$*UTF8*$!
{
	archiveVersion = 1;
	classes = {
	};
	objectVersion = 56;
	objects = {

/* Begin PBXBuildFile section */
		E0274DAF28EB852500CF49DA /* 023.swift in Sources */ = {isa = PBXBuildFile; fileRef = E0274DAE28EB852500CF49DA /* 023.swift */; };
		E0274DB128EF4C3D00CF49DA /* 024.swift in Sources */ = {isa = PBXBuildFile; fileRef = E0274DB028EF4C3D00CF49DA /* 024.swift */; };
		E0274DB328EF59B100CF49DA /* 025.swift in Sources */ = {isa = PBXBuildFile; fileRef = E0274DB228EF59B100CF49DA /* 025.swift */; };
		E03AB70228DE52B1004E5ACF /* 008.swift in Sources */ = {isa = PBXBuildFile; fileRef = E03AB70128DE52B1004E5ACF /* 008.swift */; };
		E03AB70428DE6AAC004E5ACF /* 009.swift in Sources */ = {isa = PBXBuildFile; fileRef = E03AB70328DE6AAC004E5ACF /* 009.swift */; };
		E03AB70628E0AA31004E5ACF /* 010.swift in Sources */ = {isa = PBXBuildFile; fileRef = E03AB70528E0AA31004E5ACF /* 010.swift */; };
		E03AB70828E0AC43004E5ACF /* 011.swift in Sources */ = {isa = PBXBuildFile; fileRef = E03AB70728E0AC43004E5ACF /* 011.swift */; };
		E03AB70A28E0AF14004E5ACF /* 012.swift in Sources */ = {isa = PBXBuildFile; fileRef = E03AB70928E0AF14004E5ACF /* 012.swift */; };
		E03AB70C28E0B052004E5ACF /* 013.swift in Sources */ = {isa = PBXBuildFile; fileRef = E03AB70B28E0B051004E5ACF /* 013.swift */; };
		E03AB70E28E0B44F004E5ACF /* 014.swift in Sources */ = {isa = PBXBuildFile; fileRef = E03AB70D28E0B44F004E5ACF /* 014.swift */; };
		E03AB71028E0B849004E5ACF /* 015.swift in Sources */ = {isa = PBXBuildFile; fileRef = E03AB70F28E0B849004E5ACF /* 015.swift */; };
		E03AB71228E0F7A4004E5ACF /* 016.swift in Sources */ = {isa = PBXBuildFile; fileRef = E03AB71128E0F7A3004E5ACF /* 016.swift */; };
		E03AB71428E0FD15004E5ACF /* 017.swift in Sources */ = {isa = PBXBuildFile; fileRef = E03AB71328E0FD15004E5ACF /* 017.swift */; };
		E03AB71628E10304004E5ACF /* 018.swift in Sources */ = {isa = PBXBuildFile; fileRef = E03AB71528E10304004E5ACF /* 018.swift */; };
		E0A4E88128F1100C00E00FAB /* 027.swift in Sources */ = {isa = PBXBuildFile; fileRef = E0A4E88028F1100C00E00FAB /* 027.swift */; };
		E0A4E88328F2289A00E00FAB /* 028.swift in Sources */ = {isa = PBXBuildFile; fileRef = E0A4E88228F2289A00E00FAB /* 028.swift */; };
		E0DF1F4028E2261900F564CC /* 019.swift in Sources */ = {isa = PBXBuildFile; fileRef = E0DF1F3F28E2261900F564CC /* 019.swift */; };
		E0DF1F4228E22ACD00F564CC /* 020.swift in Sources */ = {isa = PBXBuildFile; fileRef = E0DF1F4128E22ACD00F564CC /* 020.swift */; };
		E0DF1F4428E238D900F564CC /* 021.swift in Sources */ = {isa = PBXBuildFile; fileRef = E0DF1F4328E238D900F564CC /* 021.swift */; };
		E0DF1F7528E3BE9200F564CC /* 022.swift in Sources */ = {isa = PBXBuildFile; fileRef = E0DF1F7428E3BE9200F564CC /* 022.swift */; };
		E0E5391F28EFA47A0004595C /* 026.swift in Sources */ = {isa = PBXBuildFile; fileRef = E0E5391E28EFA47A0004595C /* 026.swift */; };
		E0F290C928DD403F008C2BBF /* main.swift in Sources */ = {isa = PBXBuildFile; fileRef = E0F290C828DD403F008C2BBF /* main.swift */; };
		E0F290D028DD41F8008C2BBF /* Helpers.swift in Sources */ = {isa = PBXBuildFile; fileRef = E0F290CF28DD41F8008C2BBF /* Helpers.swift */; };
		E0F290D428DD449B008C2BBF /* 000.swift in Sources */ = {isa = PBXBuildFile; fileRef = E0F290D328DD449B008C2BBF /* 000.swift */; };
		E0F290D628DD45DF008C2BBF /* 001.swift in Sources */ = {isa = PBXBuildFile; fileRef = E0F290D528DD45DF008C2BBF /* 001.swift */; };
		E0F290D828DD4A9D008C2BBF /* 003.swift in Sources */ = {isa = PBXBuildFile; fileRef = E0F290D728DD4A9D008C2BBF /* 003.swift */; };
		E0F290DA28DDB777008C2BBF /* 002.swift in Sources */ = {isa = PBXBuildFile; fileRef = E0F290D928DDB777008C2BBF /* 002.swift */; };
		E0F290DC28DE28AD008C2BBF /* 004.swift in Sources */ = {isa = PBXBuildFile; fileRef = E0F290DB28DE28AD008C2BBF /* 004.swift */; };
		E0F290DE28DE2DE9008C2BBF /* 005.swift in Sources */ = {isa = PBXBuildFile; fileRef = E0F290DD28DE2DE9008C2BBF /* 005.swift */; };
		E0F290E028DE40C5008C2BBF /* 006.swift in Sources */ = {isa = PBXBuildFile; fileRef = E0F290DF28DE40C5008C2BBF /* 006.swift */; };
		E0F290E228DE4CDE008C2BBF /* 007.swift in Sources */ = {isa = PBXBuildFile; fileRef = E0F290E128DE4CDE008C2BBF /* 007.swift */; };
/* End PBXBuildFile section */

/* Begin PBXCopyFilesBuildPhase section */
		E0F290C328DD403F008C2BBF /* CopyFiles */ = {
			isa = PBXCopyFilesBuildPhase;
			buildActionMask = 2147483647;
			dstPath = /usr/share/man/man1/;
			dstSubfolderSpec = 0;
			files = (
			);
			runOnlyForDeploymentPostprocessing = 1;
		};
/* End PBXCopyFilesBuildPhase section */

/* Begin PBXFileReference section */
		E0274DAE28EB852500CF49DA /* 023.swift */ = {isa = PBXFileReference; lastKnownFileType = sourcecode.swift; path = 023.swift; sourceTree = "<group>"; };
		E0274DB028EF4C3D00CF49DA /* 024.swift */ = {isa = PBXFileReference; lastKnownFileType = sourcecode.swift; path = 024.swift; sourceTree = "<group>"; };
		E0274DB228EF59B100CF49DA /* 025.swift */ = {isa = PBXFileReference; lastKnownFileType = sourcecode.swift; path = 025.swift; sourceTree = "<group>"; };
		E03AB70128DE52B1004E5ACF /* 008.swift */ = {isa = PBXFileReference; lastKnownFileType = sourcecode.swift; path = 008.swift; sourceTree = "<group>"; };
		E03AB70328DE6AAC004E5ACF /* 009.swift */ = {isa = PBXFileReference; lastKnownFileType = sourcecode.swift; path = 009.swift; sourceTree = "<group>"; };
		E03AB70528E0AA31004E5ACF /* 010.swift */ = {isa = PBXFileReference; lastKnownFileType = sourcecode.swift; path = 010.swift; sourceTree = "<group>"; };
		E03AB70728E0AC43004E5ACF /* 011.swift */ = {isa = PBXFileReference; lastKnownFileType = sourcecode.swift; path = 011.swift; sourceTree = "<group>"; };
		E03AB70928E0AF14004E5ACF /* 012.swift */ = {isa = PBXFileReference; lastKnownFileType = sourcecode.swift; path = 012.swift; sourceTree = "<group>"; };
		E03AB70B28E0B051004E5ACF /* 013.swift */ = {isa = PBXFileReference; lastKnownFileType = sourcecode.swift; path = 013.swift; sourceTree = "<group>"; };
		E03AB70D28E0B44F004E5ACF /* 014.swift */ = {isa = PBXFileReference; lastKnownFileType = sourcecode.swift; path = 014.swift; sourceTree = "<group>"; };
		E03AB70F28E0B849004E5ACF /* 015.swift */ = {isa = PBXFileReference; lastKnownFileType = sourcecode.swift; path = 015.swift; sourceTree = "<group>"; };
		E03AB71128E0F7A3004E5ACF /* 016.swift */ = {isa = PBXFileReference; lastKnownFileType = sourcecode.swift; path = 016.swift; sourceTree = "<group>"; };
		E03AB71328E0FD15004E5ACF /* 017.swift */ = {isa = PBXFileReference; lastKnownFileType = sourcecode.swift; path = 017.swift; sourceTree = "<group>"; };
		E03AB71528E10304004E5ACF /* 018.swift */ = {isa = PBXFileReference; lastKnownFileType = sourcecode.swift; path = 018.swift; sourceTree = "<group>"; };
		E0A4E88028F1100C00E00FAB /* 027.swift */ = {isa = PBXFileReference; lastKnownFileType = sourcecode.swift; path = 027.swift; sourceTree = "<group>"; };
		E0A4E88228F2289A00E00FAB /* 028.swift */ = {isa = PBXFileReference; lastKnownFileType = sourcecode.swift; path = 028.swift; sourceTree = "<group>"; };
		E0DF1F3F28E2261900F564CC /* 019.swift */ = {isa = PBXFileReference; lastKnownFileType = sourcecode.swift; path = 019.swift; sourceTree = "<group>"; };
		E0DF1F4128E22ACD00F564CC /* 020.swift */ = {isa = PBXFileReference; lastKnownFileType = sourcecode.swift; path = 020.swift; sourceTree = "<group>"; };
		E0DF1F4328E238D900F564CC /* 021.swift */ = {isa = PBXFileReference; lastKnownFileType = sourcecode.swift; path = 021.swift; sourceTree = "<group>"; };
		E0DF1F7428E3BE9200F564CC /* 022.swift */ = {isa = PBXFileReference; lastKnownFileType = sourcecode.swift; path = 022.swift; sourceTree = "<group>"; };
		E0E5391E28EFA47A0004595C /* 026.swift */ = {isa = PBXFileReference; lastKnownFileType = sourcecode.swift; path = 026.swift; sourceTree = "<group>"; };
		E0F290C528DD403F008C2BBF /* algorithms */ = {isa = PBXFileReference; explicitFileType = "compiled.mach-o.executable"; includeInIndex = 0; path = algorithms; sourceTree = BUILT_PRODUCTS_DIR; };
		E0F290C828DD403F008C2BBF /* main.swift */ = {isa = PBXFileReference; lastKnownFileType = sourcecode.swift; path = main.swift; sourceTree = "<group>"; };
		E0F290CF28DD41F8008C2BBF /* Helpers.swift */ = {isa = PBXFileReference; lastKnownFileType = sourcecode.swift; path = Helpers.swift; sourceTree = "<group>"; };
		E0F290D328DD449B008C2BBF /* 000.swift */ = {isa = PBXFileReference; lastKnownFileType = sourcecode.swift; path = 000.swift; sourceTree = "<group>"; };
		E0F290D528DD45DF008C2BBF /* 001.swift */ = {isa = PBXFileReference; lastKnownFileType = sourcecode.swift; path = 001.swift; sourceTree = "<group>"; };
		E0F290D728DD4A9D008C2BBF /* 003.swift */ = {isa = PBXFileReference; lastKnownFileType = sourcecode.swift; path = 003.swift; sourceTree = "<group>"; };
		E0F290D928DDB777008C2BBF /* 002.swift */ = {isa = PBXFileReference; lastKnownFileType = sourcecode.swift; path = 002.swift; sourceTree = "<group>"; };
		E0F290DB28DE28AD008C2BBF /* 004.swift */ = {isa = PBXFileReference; lastKnownFileType = sourcecode.swift; path = 004.swift; sourceTree = "<group>"; };
		E0F290DD28DE2DE9008C2BBF /* 005.swift */ = {isa = PBXFileReference; lastKnownFileType = sourcecode.swift; path = 005.swift; sourceTree = "<group>"; };
		E0F290DF28DE40C5008C2BBF /* 006.swift */ = {isa = PBXFileReference; lastKnownFileType = sourcecode.swift; path = 006.swift; sourceTree = "<group>"; };
		E0F290E128DE4CDE008C2BBF /* 007.swift */ = {isa = PBXFileReference; lastKnownFileType = sourcecode.swift; path = 007.swift; sourceTree = "<group>"; };
/* End PBXFileReference section */

/* Begin PBXFrameworksBuildPhase section */
		E0F290C228DD403F008C2BBF /* Frameworks */ = {
			isa = PBXFrameworksBuildPhase;
			buildActionMask = 2147483647;
			files = (
			);
			runOnlyForDeploymentPostprocessing = 0;
		};
/* End PBXFrameworksBuildPhase section */

/* Begin PBXGroup section */
		E0274DB428EF59EA00CF49DA /* Loops */ = {
			isa = PBXGroup;
			children = (
				E0274DAE28EB852500CF49DA /* 023.swift */,
				E0274DB028EF4C3D00CF49DA /* 024.swift */,
				E0274DB228EF59B100CF49DA /* 025.swift */,
				E0E5391E28EFA47A0004595C /* 026.swift */,
				E0A4E88028F1100C00E00FAB /* 027.swift */,
				E0A4E88228F2289A00E00FAB /* 028.swift */,
			);
			path = Loops;
			sourceTree = "<group>";
		};
		E0274DB528EF5A0D00CF49DA /* Optional */ = {
			isa = PBXGroup;
			children = (
				E0F290D728DD4A9D008C2BBF /* 003.swift */,
				E0F290DB28DE28AD008C2BBF /* 004.swift */,
				E0F290DD28DE2DE9008C2BBF /* 005.swift */,
				E0F290DF28DE40C5008C2BBF /* 006.swift */,
				E0F290E128DE4CDE008C2BBF /* 007.swift */,
				E03AB70128DE52B1004E5ACF /* 008.swift */,
				E03AB70328DE6AAC004E5ACF /* 009.swift */,
				E03AB70528E0AA31004E5ACF /* 010.swift */,
				E03AB70728E0AC43004E5ACF /* 011.swift */,
				E03AB70928E0AF14004E5ACF /* 012.swift */,
				E03AB70B28E0B051004E5ACF /* 013.swift */,
				E03AB70D28E0B44F004E5ACF /* 014.swift */,
				E03AB70F28E0B849004E5ACF /* 015.swift */,
				E03AB71128E0F7A3004E5ACF /* 016.swift */,
				E03AB71328E0FD15004E5ACF /* 017.swift */,
				E03AB71528E10304004E5ACF /* 018.swift */,
				E0DF1F3F28E2261900F564CC /* 019.swift */,
				E0DF1F4128E22ACD00F564CC /* 020.swift */,
				E0DF1F4328E238D900F564CC /* 021.swift */,
				E0DF1F7428E3BE9200F564CC /* 022.swift */,
			);
			path = Optional;
			sourceTree = "<group>";
		};
		E0274DB628EF638C00CF49DA /* Basic */ = {
			isa = PBXGroup;
			children = (
				E0F290D328DD449B008C2BBF /* 000.swift */,
				E0F290D528DD45DF008C2BBF /* 001.swift */,
				E0F290D928DDB777008C2BBF /* 002.swift */,
			);
			path = Basic;
			sourceTree = "<group>";
		};
		E0F290BC28DD403F008C2BBF = {
			isa = PBXGroup;
			children = (
				E0F290C728DD403F008C2BBF /* algorithms */,
				E0F290C628DD403F008C2BBF /* Products */,
			);
			sourceTree = "<group>";
		};
		E0F290C628DD403F008C2BBF /* Products */ = {
			isa = PBXGroup;
			children = (
				E0F290C528DD403F008C2BBF /* algorithms */,
			);
			name = Products;
			sourceTree = "<group>";
		};
		E0F290C728DD403F008C2BBF /* algorithms */ = {
			isa = PBXGroup;
			children = (
				E0F290C828DD403F008C2BBF /* main.swift */,
				E0F290D228DD448D008C2BBF /* Exercicios */,
				E0F290D128DD4485008C2BBF /* Helpers */,
			);
			path = algorithms;
			sourceTree = "<group>";
		};
		E0F290D128DD4485008C2BBF /* Helpers */ = {
			isa = PBXGroup;
			children = (
				E0F290CF28DD41F8008C2BBF /* Helpers.swift */,
			);
			path = Helpers;
			sourceTree = "<group>";
		};
		E0F290D228DD448D008C2BBF /* Exercicios */ = {
			isa = PBXGroup;
			children = (
				E0274DB628EF638C00CF49DA /* Basic */,
				E0274DB528EF5A0D00CF49DA /* Optional */,
				E0274DB428EF59EA00CF49DA /* Loops */,
			);
			path = Exercicios;
			sourceTree = "<group>";
		};
/* End PBXGroup section */

/* Begin PBXNativeTarget section */
		E0F290C428DD403F008C2BBF /* algorithms */ = {
			isa = PBXNativeTarget;
			buildConfigurationList = E0F290CC28DD403F008C2BBF /* Build configuration list for PBXNativeTarget "algorithms" */;
			buildPhases = (
				E0F290C128DD403F008C2BBF /* Sources */,
				E0F290C228DD403F008C2BBF /* Frameworks */,
				E0F290C328DD403F008C2BBF /* CopyFiles */,
			);
			buildRules = (
			);
			dependencies = (
			);
			name = algorithms;
			productName = algorithms;
			productReference = E0F290C528DD403F008C2BBF /* algorithms */;
			productType = "com.apple.product-type.tool";
		};
/* End PBXNativeTarget section */

/* Begin PBXProject section */
		E0F290BD28DD403F008C2BBF /* Project object */ = {
			isa = PBXProject;
			attributes = {
				BuildIndependentTargetsInParallel = 1;
				LastSwiftUpdateCheck = 1400;
				LastUpgradeCheck = 1400;
				TargetAttributes = {
					E0F290C428DD403F008C2BBF = {
						CreatedOnToolsVersion = 14.0;
					};
				};
			};
			buildConfigurationList = E0F290C028DD403F008C2BBF /* Build configuration list for PBXProject "algorithms" */;
			compatibilityVersion = "Xcode 14.0";
			developmentRegion = en;
			hasScannedForEncodings = 0;
			knownRegions = (
				en,
				Base,
			);
			mainGroup = E0F290BC28DD403F008C2BBF;
			productRefGroup = E0F290C628DD403F008C2BBF /* Products */;
			projectDirPath = "";
			projectRoot = "";
			targets = (
				E0F290C428DD403F008C2BBF /* algorithms */,
			);
		};
/* End PBXProject section */

/* Begin PBXSourcesBuildPhase section */
		E0F290C128DD403F008C2BBF /* Sources */ = {
			isa = PBXSourcesBuildPhase;
			buildActionMask = 2147483647;
			files = (
				E0F290DC28DE28AD008C2BBF /* 004.swift in Sources */,
				E0F290DE28DE2DE9008C2BBF /* 005.swift in Sources */,
				E0F290DA28DDB777008C2BBF /* 002.swift in Sources */,
				E0A4E88328F2289A00E00FAB /* 028.swift in Sources */,
				E03AB71628E10304004E5ACF /* 018.swift in Sources */,
				E0F290C928DD403F008C2BBF /* main.swift in Sources */,
				E0E5391F28EFA47A0004595C /* 026.swift in Sources */,
				E0274DAF28EB852500CF49DA /* 023.swift in Sources */,
				E03AB71428E0FD15004E5ACF /* 017.swift in Sources */,
				E0DF1F4028E2261900F564CC /* 019.swift in Sources */,
				E0A4E88128F1100C00E00FAB /* 027.swift in Sources */,
				E0F290D628DD45DF008C2BBF /* 001.swift in Sources */,
				E03AB70E28E0B44F004E5ACF /* 014.swift in Sources */,
				E03AB71228E0F7A4004E5ACF /* 016.swift in Sources */,
				E03AB71028E0B849004E5ACF /* 015.swift in Sources */,
				E03AB70628E0AA31004E5ACF /* 010.swift in Sources */,
				E03AB70228DE52B1004E5ACF /* 008.swift in Sources */,
				E0F290D028DD41F8008C2BBF /* Helpers.swift in Sources */,
				E03AB70C28E0B052004E5ACF /* 013.swift in Sources */,
				E0DF1F4428E238D900F564CC /* 021.swift in Sources */,
				E0DF1F4228E22ACD00F564CC /* 020.swift in Sources */,
				E0F290E028DE40C5008C2BBF /* 006.swift in Sources */,
				E03AB70A28E0AF14004E5ACF /* 012.swift in Sources */,
				E0F290D428DD449B008C2BBF /* 000.swift in Sources */,
				E03AB70828E0AC43004E5ACF /* 011.swift in Sources */,
				E03AB70428DE6AAC004E5ACF /* 009.swift in Sources */,
				E0F290D828DD4A9D008C2BBF /* 003.swift in Sources */,
				E0274DB128EF4C3D00CF49DA /* 024.swift in Sources */,
				E0F290E228DE4CDE008C2BBF /* 007.swift in Sources */,
				E0DF1F7528E3BE9200F564CC /* 022.swift in Sources */,
				E0274DB328EF59B100CF49DA /* 025.swift in Sources */,
			);
			runOnlyForDeploymentPostprocessing = 0;
		};
/* End PBXSourcesBuildPhase section */

/* Begin XCBuildConfiguration section */
		E0F290CA28DD403F008C2BBF /* Debug */ = {
			isa = XCBuildConfiguration;
			buildSettings = {
				ALWAYS_SEARCH_USER_PATHS = NO;
				CLANG_ANALYZER_NONNULL = YES;
				CLANG_ANALYZER_NUMBER_OBJECT_CONVERSION = YES_AGGRESSIVE;
				CLANG_CXX_LANGUAGE_STANDARD = "gnu++20";
				CLANG_ENABLE_MODULES = YES;
				CLANG_ENABLE_OBJC_ARC = YES;
				CLANG_ENABLE_OBJC_WEAK = YES;
				CLANG_WARN_BLOCK_CAPTURE_AUTORELEASING = YES;
				CLANG_WARN_BOOL_CONVERSION = YES;
				CLANG_WARN_COMMA = YES;
				CLANG_WARN_CONSTANT_CONVERSION = YES;
				CLANG_WARN_DEPRECATED_OBJC_IMPLEMENTATIONS = YES;
				CLANG_WARN_DIRECT_OBJC_ISA_USAGE = YES_ERROR;
				CLANG_WARN_DOCUMENTATION_COMMENTS = YES;
				CLANG_WARN_EMPTY_BODY = YES;
				CLANG_WARN_ENUM_CONVERSION = YES;
				CLANG_WARN_INFINITE_RECURSION = YES;
				CLANG_WARN_INT_CONVERSION = YES;
				CLANG_WARN_NON_LITERAL_NULL_CONVERSION = YES;
				CLANG_WARN_OBJC_IMPLICIT_RETAIN_SELF = YES;
				CLANG_WARN_OBJC_LITERAL_CONVERSION = YES;
				CLANG_WARN_OBJC_ROOT_CLASS = YES_ERROR;
				CLANG_WARN_QUOTED_INCLUDE_IN_FRAMEWORK_HEADER = YES;
				CLANG_WARN_RANGE_LOOP_ANALYSIS = YES;
				CLANG_WARN_STRICT_PROTOTYPES = YES;
				CLANG_WARN_SUSPICIOUS_MOVE = YES;
				CLANG_WARN_UNGUARDED_AVAILABILITY = YES_AGGRESSIVE;
				CLANG_WARN_UNREACHABLE_CODE = YES;
				CLANG_WARN__DUPLICATE_METHOD_MATCH = YES;
				COPY_PHASE_STRIP = NO;
				DEBUG_INFORMATION_FORMAT = dwarf;
				ENABLE_STRICT_OBJC_MSGSEND = YES;
				ENABLE_TESTABILITY = YES;
				GCC_C_LANGUAGE_STANDARD = gnu11;
				GCC_DYNAMIC_NO_PIC = NO;
				GCC_NO_COMMON_BLOCKS = YES;
				GCC_OPTIMIZATION_LEVEL = 0;
				GCC_PREPROCESSOR_DEFINITIONS = (
					"DEBUG=1",
					"$(inherited)",
				);
				GCC_WARN_64_TO_32_BIT_CONVERSION = YES;
				GCC_WARN_ABOUT_RETURN_TYPE = YES_ERROR;
				GCC_WARN_UNDECLARED_SELECTOR = YES;
				GCC_WARN_UNINITIALIZED_AUTOS = YES_AGGRESSIVE;
				GCC_WARN_UNUSED_FUNCTION = YES;
				GCC_WARN_UNUSED_VARIABLE = YES;
				MACOSX_DEPLOYMENT_TARGET = 12.3;
				MTL_ENABLE_DEBUG_INFO = INCLUDE_SOURCE;
				MTL_FAST_MATH = YES;
				ONLY_ACTIVE_ARCH = YES;
				SDKROOT = macosx;
				SWIFT_ACTIVE_COMPILATION_CONDITIONS = DEBUG;
				SWIFT_OPTIMIZATION_LEVEL = "-Onone";
			};
			name = Debug;
		};
		E0F290CB28DD403F008C2BBF /* Release */ = {
			isa = XCBuildConfiguration;
			buildSettings = {
				ALWAYS_SEARCH_USER_PATHS = NO;
				CLANG_ANALYZER_NONNULL = YES;
				CLANG_ANALYZER_NUMBER_OBJECT_CONVERSION = YES_AGGRESSIVE;
				CLANG_CXX_LANGUAGE_STANDARD = "gnu++20";
				CLANG_ENABLE_MODULES = YES;
				CLANG_ENABLE_OBJC_ARC = YES;
				CLANG_ENABLE_OBJC_WEAK = YES;
				CLANG_WARN_BLOCK_CAPTURE_AUTORELEASING = YES;
				CLANG_WARN_BOOL_CONVERSION = YES;
				CLANG_WARN_COMMA = YES;
				CLANG_WARN_CONSTANT_CONVERSION = YES;
				CLANG_WARN_DEPRECATED_OBJC_IMPLEMENTATIONS = YES;
				CLANG_WARN_DIRECT_OBJC_ISA_USAGE = YES_ERROR;
				CLANG_WARN_DOCUMENTATION_COMMENTS = YES;
				CLANG_WARN_EMPTY_BODY = YES;
				CLANG_WARN_ENUM_CONVERSION = YES;
				CLANG_WARN_INFINITE_RECURSION = YES;
				CLANG_WARN_INT_CONVERSION = YES;
				CLANG_WARN_NON_LITERAL_NULL_CONVERSION = YES;
				CLANG_WARN_OBJC_IMPLICIT_RETAIN_SELF = YES;
				CLANG_WARN_OBJC_LITERAL_CONVERSION = YES;
				CLANG_WARN_OBJC_ROOT_CLASS = YES_ERROR;
				CLANG_WARN_QUOTED_INCLUDE_IN_FRAMEWORK_HEADER = YES;
				CLANG_WARN_RANGE_LOOP_ANALYSIS = YES;
				CLANG_WARN_STRICT_PROTOTYPES = YES;
				CLANG_WARN_SUSPICIOUS_MOVE = YES;
				CLANG_WARN_UNGUARDED_AVAILABILITY = YES_AGGRESSIVE;
				CLANG_WARN_UNREACHABLE_CODE = YES;
				CLANG_WARN__DUPLICATE_METHOD_MATCH = YES;
				COPY_PHASE_STRIP = NO;
				DEBUG_INFORMATION_FORMAT = "dwarf-with-dsym";
				ENABLE_NS_ASSERTIONS = NO;
				ENABLE_STRICT_OBJC_MSGSEND = YES;
				GCC_C_LANGUAGE_STANDARD = gnu11;
				GCC_NO_COMMON_BLOCKS = YES;
				GCC_WARN_64_TO_32_BIT_CONVERSION = YES;
				GCC_WARN_ABOUT_RETURN_TYPE = YES_ERROR;
				GCC_WARN_UNDECLARED_SELECTOR = YES;
				GCC_WARN_UNINITIALIZED_AUTOS = YES_AGGRESSIVE;
				GCC_WARN_UNUSED_FUNCTION = YES;
				GCC_WARN_UNUSED_VARIABLE = YES;
				MACOSX_DEPLOYMENT_TARGET = 12.3;
				MTL_ENABLE_DEBUG_INFO = NO;
				MTL_FAST_MATH = YES;
				SDKROOT = macosx;
				SWIFT_COMPILATION_MODE = wholemodule;
				SWIFT_OPTIMIZATION_LEVEL = "-O";
			};
			name = Release;
		};
		E0F290CD28DD403F008C2BBF /* Debug */ = {
			isa = XCBuildConfiguration;
			buildSettings = {
				CODE_SIGN_STYLE = Automatic;
				DEVELOPMENT_TEAM = WXQ8GLHA2M;
				ENABLE_HARDENED_RUNTIME = YES;
				PRODUCT_NAME = "$(TARGET_NAME)";
				SWIFT_VERSION = 5.0;
			};
			name = Debug;
		};
		E0F290CE28DD403F008C2BBF /* Release */ = {
			isa = XCBuildConfiguration;
			buildSettings = {
				CODE_SIGN_STYLE = Automatic;
				DEVELOPMENT_TEAM = WXQ8GLHA2M;
				ENABLE_HARDENED_RUNTIME = YES;
				PRODUCT_NAME = "$(TARGET_NAME)";
				SWIFT_VERSION = 5.0;
			};
			name = Release;
		};
/* End XCBuildConfiguration section */

/* Begin XCConfigurationList section */
		E0F290C028DD403F008C2BBF /* Build configuration list for PBXProject "algorithms" */ = {
			isa = XCConfigurationList;
			buildConfigurations = (
				E0F290CA28DD403F008C2BBF /* Debug */,
				E0F290CB28DD403F008C2BBF /* Release */,
			);
			defaultConfigurationIsVisible = 0;
			defaultConfigurationName = Release;
		};
		E0F290CC28DD403F008C2BBF /* Build configuration list for PBXNativeTarget "algorithms" */ = {
			isa = XCConfigurationList;
			buildConfigurations = (
				E0F290CD28DD403F008C2BBF /* Debug */,
				E0F290CE28DD403F008C2BBF /* Release */,
			);
			defaultConfigurationIsVisible = 0;
			defaultConfigurationName = Release;
		};
/* End XCConfigurationList section */
	};
	rootObject = E0F290BD28DD403F008C2BBF /* Project object */;
}
